# @generated by Move, please check-in and do not edit manually.

[move]
version = 2
manifest_digest = "CE1AE23E3B9257F85FF9D6A7BE4B4686D5267447E29F663D7BCF46B343F14A7F"
deps_digest = "F8BBB0CCB2491CA29A3DF03D6F92277A4F3574266507ACD77214D37ECA3F3082"
dependencies = [
  { name = "Sui" },
]

[[move.package]]
name = "MoveStdlib"
source = { git = "https://github.com/MystenLabs/sui.git", rev = "framework/testnet", subdir = "crates/sui-framework/packages/move-stdlib" }

[[move.package]]
name = "Sui"
source = { git = "https://github.com/MystenLabs/sui.git", rev = "framework/testnet", subdir = "crates/sui-framework/packages/sui-framework" }

dependencies = [
  { name = "MoveStdlib" },
]

[move.toolchain-version]
compiler-version = "1.25.1"
edition = "2024.beta"
flavor = "sui"

[env]

[env.testnet]
chain-id = "4c78adac"
original-published-id = "0xf710c699747d978393e12eb91c79e360b3062aec8f7e7db0f90c0071222aea1a"
latest-published-id = "0xf710c699747d978393e12eb91c79e360b3062aec8f7e7db0f90c0071222aea1a"
published-version = "1"
