# @generated by Move, please check-in and do not edit manually.

[move]
version = 2
manifest_digest = "17E9C029A3DFE33D1706314ADAD73BF117AA7C0B4730FA4589107A987C8742AE"
deps_digest = "F8BBB0CCB2491CA29A3DF03D6F92277A4F3574266507ACD77214D37ECA3F3082"
dependencies = [
  { name = "Sui" },
]

[[move.package]]
name = "MoveStdlib"
source = { git = "https://github.com/MystenLabs/sui.git", rev = "framework/testnet", subdir = "crates/sui-framework/packages/move-stdlib" }

[[move.package]]
name = "Sui"
source = { git = "https://github.com/MystenLabs/sui.git", rev = "framework/testnet", subdir = "crates/sui-framework/packages/sui-framework" }

dependencies = [
  { name = "MoveStdlib" },
]

[move.toolchain-version]
compiler-version = "1.30.1"
edition = "2024.beta"
flavor = "sui"

[env]

[env.testnet]
chain-id = "4c78adac"
original-published-id = "0xaa448583fb40bc6a25e2ca7c817d5e0f7c3ce95175d369289c42bc1d86caab68"
latest-published-id = "0xaa448583fb40bc6a25e2ca7c817d5e0f7c3ce95175d369289c42bc1d86caab68"
published-version = "1"

[env.mainnet]
chain-id = "35834a8a"
original-published-id = "0xf74a927c2fe57604e0dd07907a9f62d74d7b5b1b466381abdbcd0ee18683d125"
latest-published-id = "0xf74a927c2fe57604e0dd07907a9f62d74d7b5b1b466381abdbcd0ee18683d125"
published-version = "1"
